{
  "requires": true,
  "lockfileVersion": 1,
  "dependencies": {
    "dump": {
      "version": "1.0.1",
      "resolved": "https://registry.npmjs.org/dump/-/dump-1.0.1.tgz",
      "integrity": "sha1-uBgfo7a0P9bWvbEn7bO+tst1eq8="
    },
    "xmlhttprequest": {
      "version": "1.8.0",
      "resolved": "https://registry.npmjs.org/xmlhttprequest/-/xmlhttprequest-1.8.0.tgz",
      "integrity": "sha1-Z/4HXFwk/vOfnWX197f+dRcZaPw="
    }
  }
}
